
Microsoft Visual Studio Solution File, Format Version 12.00
# Visual Studio Version 17
VisualStudioVersion = 17.12.35527.113 d17.12
MinimumVisualStudioVersion = 10.0.40219.1
Project("{FAE04EC0-301F-11D3-BF4B-00C04F79EFBC}") = "Tests", "Tests\Tests.csproj", "{A299B9D2-1357-48AE-A925-AF2A172109C9}"
EndProject
Project("{FAE04EC0-301F-11D3-BF4B-00C04F79EFBC}") = "TestCases", "TestCases\TestCases.csproj", "{D1A5B822-CC90-47A3-B6D1-E92E431F1EF0}"
EndProject
Global
	GlobalSection(SolutionConfigurationPlatforms) = preSolution
		Debug|Any CPU = Debug|Any CPU
		Release|Any CPU = Release|Any CPU
	EndGlobalSection
	GlobalSection(ProjectConfigurationPlatforms) = postSolution
		{A299B9D2-1357-48AE-A925-AF2A172109C9}.Debug|Any CPU.ActiveCfg = Debug|Any CPU
		{A299B9D2-1357-48AE-A925-AF2A172109C9}.Debug|Any CPU.Build.0 = Debug|Any CPU
		{A299B9D2-1357-48AE-A925-AF2A172109C9}.Release|Any CPU.ActiveCfg = Release|Any CPU
		{A299B9D2-1357-48AE-A925-AF2A172109C9}.Release|Any CPU.Build.0 = Release|Any CPU
		{D1A5B822-CC90-47A3-B6D1-E92E431F1EF0}.Debug|Any CPU.ActiveCfg = Debug|Any CPU
		{D1A5B822-CC90-47A3-B6D1-E92E431F1EF0}.Debug|Any CPU.Build.0 = Debug|Any CPU
		{D1A5B822-CC90-47A3-B6D1-E92E431F1EF0}.Release|Any CPU.ActiveCfg = Release|Any CPU
		{D1A5B822-CC90-47A3-B6D1-E92E431F1EF0}.Release|Any CPU.Build.0 = Release|Any CPU
	EndGlobalSection
	GlobalSection(SolutionProperties) = preSolution
		HideSolutionNode = FALSE
	EndGlobalSection
EndGlobal
