
Microsoft Visual Studio Solution File, Format Version 12.00
# Visual Studio Version 17
VisualStudioVersion = 17.12.35521.163
MinimumVisualStudioVersion = 10.0.40219.1
Project("{FAE04EC0-301F-11D3-BF4B-00C04F79EFBC}") = "DiceRollGame", "DiceRollGame\DiceRollGame.csproj", "{571BB58D-B598-40E6-B0A5-DFB072466B33}"
EndProject
Project("{FAE04EC0-301F-11D3-BF4B-00C04F79EFBC}") = "DiceRollGame-IS", "..\02-DiceRollGame-IS\DiceRollGame-IS\DiceRollGame-IS.csproj", "{515E6EA8-4086-45CD-9AC8-8C432D265861}"
EndProject
Global
	GlobalSection(SolutionConfigurationPlatforms) = preSolution
		Debug|Any CPU = Debug|Any CPU
		Release|Any CPU = Release|Any CPU
	EndGlobalSection
	GlobalSection(ProjectConfigurationPlatforms) = postSolution
		{571BB58D-B598-40E6-B0A5-DFB072466B33}.Debug|Any CPU.ActiveCfg = Debug|Any CPU
		{571BB58D-B598-40E6-B0A5-DFB072466B33}.Debug|Any CPU.Build.0 = Debug|Any CPU
		{571BB58D-B598-40E6-B0A5-DFB072466B33}.Release|Any CPU.ActiveCfg = Release|Any CPU
		{571BB58D-B598-40E6-B0A5-DFB072466B33}.Release|Any CPU.Build.0 = Release|Any CPU
		{515E6EA8-4086-45CD-9AC8-8C432D265861}.Debug|Any CPU.ActiveCfg = Debug|Any CPU
		{515E6EA8-4086-45CD-9AC8-8C432D265861}.Debug|Any CPU.Build.0 = Debug|Any CPU
		{515E6EA8-4086-45CD-9AC8-8C432D265861}.Release|Any CPU.ActiveCfg = Release|Any CPU
		{515E6EA8-4086-45CD-9AC8-8C432D265861}.Release|Any CPU.Build.0 = Release|Any CPU
	EndGlobalSection
	GlobalSection(SolutionProperties) = preSolution
		HideSolutionNode = FALSE
	EndGlobalSection
EndGlobal
